<?xml version="1.0" encoding="utf-8"?>
<Project ToolsVersion="4.0" xmlns="http://schemas.microsoft.com/developer/msbuild/2003">
  <ItemGroup>
    <Filter Include="src">
      <UniqueIdentifier>{4FC737F1-C7A5-4376-A066-2A32D752A2FF}</UniqueIdentifier>
      <Extensions>cpp;c;cc;cxx;h;hpp;hxx</Extensions>
    </Filter>
    <Filter Include="external">
      <UniqueIdentifier>{93995380-89BD-4b04-88EB-625FBE52EBFB}</UniqueIdentifier>
      <Extensions>h;hpp;hxx;cpp;c;cc;cxx</Extensions>
    </Filter>
    <Filter Include="external\xdraw">
      <UniqueIdentifier>{7F7B2E8A-3B4A-4F3E-9F2C-4A1B5C6D7E8F}</UniqueIdentifier>
    </Filter>
    <Filter Include="external\xdraw\xui">
      <UniqueIdentifier>{8F8C3F9B-4C5B-4F4F-A03D-5B2C6D7E8F90}</UniqueIdentifier>
    </Filter>
    <Filter Include="external\xdraw\dependencies">
      <UniqueIdentifier>{9F9D4AAC-5D6C-4F5F-B14E-6C3D7E8F90A1}</UniqueIdentifier>
    </Filter>
  </ItemGroup>
  <ItemGroup>
    <ClCompile Include="src\dllmain.cpp">
      <Filter>src</Filter>
    </ClCompile>
    <ClCompile Include="src\hooks.cpp">
      <Filter>src</Filter>
    </ClCompile>
    <ClCompile Include="src\context.cpp">
      <Filter>src</Filter>
    </ClCompile>
    <ClCompile Include="src\menu.cpp">
      <Filter>src</Filter>
    </ClCompile>
    <ClCompile Include="external\xdraw\xdraw.cpp">
      <Filter>external\xdraw</Filter>
    </ClCompile>
    <ClCompile Include="external\xdraw\xui\xui.cpp">
      <Filter>external\xdraw\xui</Filter>
    </ClCompile>
  </ItemGroup>
  <ItemGroup>
    <ClInclude Include="src\pch.hpp">
      <Filter>src</Filter>
    </ClInclude>
    <ClInclude Include="src\memory.hpp">
      <Filter>src</Filter>
    </ClInclude>
    <ClInclude Include="src\hooks.hpp">
      <Filter>src</Filter>
    </ClInclude>
    <ClInclude Include="src\context.hpp">
      <Filter>src</Filter>
    </ClInclude>
    <ClInclude Include="src\menu.hpp">
      <Filter>src</Filter>
    </ClInclude>
    <ClInclude Include="src\settings.hpp">
      <Filter>src</Filter>
    </ClInclude>
    <ClInclude Include="src\menu_svgs.hpp">
      <Filter>src</Filter>
    </ClInclude>
    <ClInclude Include="src\menu_assets.hpp">
      <Filter>src</Filter>
    </ClInclude>
    <ClInclude Include="external\xdraw\xdraw.hpp">
      <Filter>external\xdraw</Filter>
    </ClInclude>
    <ClInclude Include="external\xdraw\xui\xui.hpp">
      <Filter>external\xdraw\xui</Filter>
    </ClInclude>
    <ClInclude Include="external\xdraw\dependencies\shaders.hpp">
      <Filter>external\xdraw\dependencies</Filter>
    </ClInclude>
    <ClInclude Include="external\xdraw\dependencies\fonts.hpp">
      <Filter>external\xdraw\dependencies</Filter>
    </ClInclude>
    <ClInclude Include="external\xdraw\dependencies\freetype\include.hpp">
      <Filter>external\xdraw\dependencies</Filter>
    </ClInclude>
    <ClInclude Include="external\xdraw\dependencies\nanosvg\include.hpp">
      <Filter>external\xdraw\dependencies</Filter>
    </ClInclude>
  </ItemGroup>
</Project>
